
Microsoft Visual Studio Solution File, Format Version 12.00
# Visual Studio 15
VisualStudioVersion = 15.0.28010.2036
MinimumVisualStudioVersion = 10.0.40219.1
Project("{FAE04EC0-301F-11D3-BF4B-00C04F79EFBC}") = "Shop.Models", "Shop.Models\Shop.Models.csproj", "{F931B5F5-4062-4865-AA29-177EAE8E8951}"
EndProject
Project("{FAE04EC0-301F-11D3-BF4B-00C04F79EFBC}") = "Shop.BuisnessLayer", "Shop.BuisnessLayer\Shop.BuisnessLayer.csproj", "{98EDD9D0-4AA8-4287-BA34-01558E72E6A5}"
EndProject
Project("{FAE04EC0-301F-11D3-BF4B-00C04F79EFBC}") = "Shop.Common", "Shop.Common\Shop.Common.csproj", "{CD54758C-BCF4-4E2D-89F7-8B9DFB1B5239}"
EndProject
Project("{FAE04EC0-301F-11D3-BF4B-00C04F79EFBC}") = "Shop.Identity", "Shop.Identity\Shop.Identity.csproj", "{8D022B26-6328-4FD3-8979-3B45316DF394}"
EndProject
Project("{FAE04EC0-301F-11D3-BF4B-00C04F79EFBC}") = "Shop", "Shop\Shop.csproj", "{C2687726-9DF2-4C8E-AB32-2FFBC60D0BC0}"
EndProject
Project("{FAE04EC0-301F-11D3-BF4B-00C04F79EFBC}") = "Shop.Datalayer", "DataLayer\Shop.Datalayer.csproj", "{5C427C3D-AAF1-4A62-88F1-72D4489CC977}"
EndProject
Global
	GlobalSection(SolutionConfigurationPlatforms) = preSolution
		Debug|Any CPU = Debug|Any CPU
		Release|Any CPU = Release|Any CPU
	EndGlobalSection
	GlobalSection(ProjectConfigurationPlatforms) = postSolution
		{F931B5F5-4062-4865-AA29-177EAE8E8951}.Debug|Any CPU.ActiveCfg = Debug|Any CPU
		{F931B5F5-4062-4865-AA29-177EAE8E8951}.Debug|Any CPU.Build.0 = Debug|Any CPU
		{F931B5F5-4062-4865-AA29-177EAE8E8951}.Release|Any CPU.ActiveCfg = Release|Any CPU
		{F931B5F5-4062-4865-AA29-177EAE8E8951}.Release|Any CPU.Build.0 = Release|Any CPU
		{98EDD9D0-4AA8-4287-BA34-01558E72E6A5}.Debug|Any CPU.ActiveCfg = Debug|Any CPU
		{98EDD9D0-4AA8-4287-BA34-01558E72E6A5}.Debug|Any CPU.Build.0 = Debug|Any CPU
		{98EDD9D0-4AA8-4287-BA34-01558E72E6A5}.Release|Any CPU.ActiveCfg = Release|Any CPU
		{98EDD9D0-4AA8-4287-BA34-01558E72E6A5}.Release|Any CPU.Build.0 = Release|Any CPU
		{CD54758C-BCF4-4E2D-89F7-8B9DFB1B5239}.Debug|Any CPU.ActiveCfg = Debug|Any CPU
		{CD54758C-BCF4-4E2D-89F7-8B9DFB1B5239}.Debug|Any CPU.Build.0 = Debug|Any CPU
		{CD54758C-BCF4-4E2D-89F7-8B9DFB1B5239}.Release|Any CPU.ActiveCfg = Release|Any CPU
		{CD54758C-BCF4-4E2D-89F7-8B9DFB1B5239}.Release|Any CPU.Build.0 = Release|Any CPU
		{8D022B26-6328-4FD3-8979-3B45316DF394}.Debug|Any CPU.ActiveCfg = Debug|Any CPU
		{8D022B26-6328-4FD3-8979-3B45316DF394}.Debug|Any CPU.Build.0 = Debug|Any CPU
		{8D022B26-6328-4FD3-8979-3B45316DF394}.Release|Any CPU.ActiveCfg = Release|Any CPU
		{8D022B26-6328-4FD3-8979-3B45316DF394}.Release|Any CPU.Build.0 = Release|Any CPU
		{C2687726-9DF2-4C8E-AB32-2FFBC60D0BC0}.Debug|Any CPU.ActiveCfg = Debug|Any CPU
		{C2687726-9DF2-4C8E-AB32-2FFBC60D0BC0}.Debug|Any CPU.Build.0 = Debug|Any CPU
		{C2687726-9DF2-4C8E-AB32-2FFBC60D0BC0}.Release|Any CPU.ActiveCfg = Release|Any CPU
		{C2687726-9DF2-4C8E-AB32-2FFBC60D0BC0}.Release|Any CPU.Build.0 = Release|Any CPU
		{5C427C3D-AAF1-4A62-88F1-72D4489CC977}.Debug|Any CPU.ActiveCfg = Debug|Any CPU
		{5C427C3D-AAF1-4A62-88F1-72D4489CC977}.Debug|Any CPU.Build.0 = Debug|Any CPU
		{5C427C3D-AAF1-4A62-88F1-72D4489CC977}.Release|Any CPU.ActiveCfg = Release|Any CPU
		{5C427C3D-AAF1-4A62-88F1-72D4489CC977}.Release|Any CPU.Build.0 = Release|Any CPU
	EndGlobalSection
	GlobalSection(SolutionProperties) = preSolution
		HideSolutionNode = FALSE
	EndGlobalSection
	GlobalSection(ExtensibilityGlobals) = postSolution
		SolutionGuid = {566D35DB-274E-4E65-8324-8111BB77850F}
	EndGlobalSection
EndGlobal
